// !$*UTF8*$!
{
	archiveVersion = 1;
	classes = {
	};
	objectVersion = 50;
	objects = {

/* Begin PBXBuildFile section */
		26C06E3021A551EB00393392 /* NotificationCenter.framework in Frameworks */ = {isa = PBXBuildFile; fileRef = 26C06E2F21A551EB00393392 /* NotificationCenter.framework */; };
		26C06E3321A551EB00393392 /* TodayViewController.swift in Sources */ = {isa = PBXBuildFile; fileRef = 26C06E3221A551EB00393392 /* TodayViewController.swift */; };
		26C06E3621A551EB00393392 /* MainInterface.storyboard in Resources */ = {isa = PBXBuildFile; fileRef = 26C06E3421A551EB00393392 /* MainInterface.storyboard */; };
		26C06E3A21A551EB00393392 /* TodaysWork.appex in Embed App Extensions */ = {isa = PBXBuildFile; fileRef = 26C06E2D21A551EB00393392 /* TodaysWork.appex */; settings = {ATTRIBUTES = (RemoveHeadersOnCopy, ); }; };
		26C06E3F21A552D500393392 /* CircleView.swift in Sources */ = {isa = PBXBuildFile; fileRef = BF79091721A4A5F500A0BD99 /* CircleView.swift */; };
		26C06E4521A563E300393392 /* Request.swift in Sources */ = {isa = PBXBuildFile; fileRef = 26C06E4421A563E300393392 /* Request.swift */; };
		26C06E4621A563E300393392 /* Request.swift in Sources */ = {isa = PBXBuildFile; fileRef = 26C06E4421A563E300393392 /* Request.swift */; };
		26C06E4821A58BBA00393392 /* TheDate.swift in Sources */ = {isa = PBXBuildFile; fileRef = 26C06E4721A58BBA00393392 /* TheDate.swift */; };
		26C06E4921A58BBA00393392 /* TheDate.swift in Sources */ = {isa = PBXBuildFile; fileRef = 26C06E4721A58BBA00393392 /* TheDate.swift */; };
		BF79090621A4A54800A0BD99 /* AppDelegate.swift in Sources */ = {isa = PBXBuildFile; fileRef = BF79090521A4A54800A0BD99 /* AppDelegate.swift */; };
		BF79090821A4A54800A0BD99 /* ViewController.swift in Sources */ = {isa = PBXBuildFile; fileRef = BF79090721A4A54800A0BD99 /* ViewController.swift */; };
		BF79090B21A4A54900A0BD99 /* Main.storyboard in Resources */ = {isa = PBXBuildFile; fileRef = BF79090921A4A54900A0BD99 /* Main.storyboard */; };
		BF79090D21A4A54B00A0BD99 /* Assets.xcassets in Resources */ = {isa = PBXBuildFile; fileRef = BF79090C21A4A54B00A0BD99 /* Assets.xcassets */; };
		BF79091021A4A54B00A0BD99 /* LaunchScreen.storyboard in Resources */ = {isa = PBXBuildFile; fileRef = BF79090E21A4A54B00A0BD99 /* LaunchScreen.storyboard */; };
		BF79091821A4A5F500A0BD99 /* CircleView.swift in Sources */ = {isa = PBXBuildFile; fileRef = BF79091721A4A5F500A0BD99 /* CircleView.swift */; };
/* End PBXBuildFile section */

/* Begin PBXContainerItemProxy section */
		26C06E3821A551EB00393392 /* PBXContainerItemProxy */ = {
			isa = PBXContainerItemProxy;
			containerPortal = BF7908FA21A4A54800A0BD99 /* Project object */;
			proxyType = 1;
			remoteGlobalIDString = 26C06E2C21A551EB00393392;
			remoteInfo = TodaysWork;
		};
/* End PBXContainerItemProxy section */

/* Begin PBXCopyFilesBuildPhase section */
		26C06E3E21A551EB00393392 /* Embed App Extensions */ = {
			isa = PBXCopyFilesBuildPhase;
			buildActionMask = 2147483647;
			dstPath = "";
			dstSubfolderSpec = 13;
			files = (
				26C06E3A21A551EB00393392 /* TodaysWork.appex in Embed App Extensions */,
			);
			name = "Embed App Extensions";
			runOnlyForDeploymentPostprocessing = 0;
		};
/* End PBXCopyFilesBuildPhase section */

/* Begin PBXFileReference section */
		26C06E2D21A551EB00393392 /* TodaysWork.appex */ = {isa = PBXFileReference; explicitFileType = "wrapper.app-extension"; includeInIndex = 0; path = TodaysWork.appex; sourceTree = BUILT_PRODUCTS_DIR; };
		26C06E2F21A551EB00393392 /* NotificationCenter.framework */ = {isa = PBXFileReference; lastKnownFileType = wrapper.framework; name = NotificationCenter.framework; path = System/Library/Frameworks/NotificationCenter.framework; sourceTree = SDKROOT; };
		26C06E3221A551EB00393392 /* TodayViewController.swift */ = {isa = PBXFileReference; lastKnownFileType = sourcecode.swift; path = TodayViewController.swift; sourceTree = "<group>"; };
		26C06E3521A551EB00393392 /* Base */ = {isa = PBXFileReference; lastKnownFileType = file.storyboard; name = Base; path = Base.lproj/MainInterface.storyboard; sourceTree = "<group>"; };
		26C06E3721A551EB00393392 /* Info.plist */ = {isa = PBXFileReference; lastKnownFileType = text.plist.xml; path = Info.plist; sourceTree = "<group>"; };
		26C06E4421A563E300393392 /* Request.swift */ = {isa = PBXFileReference; lastKnownFileType = sourcecode.swift; path = Request.swift; sourceTree = "<group>"; };
		26C06E4721A58BBA00393392 /* TheDate.swift */ = {isa = PBXFileReference; lastKnownFileType = sourcecode.swift; path = TheDate.swift; sourceTree = "<group>"; };
		BF79090221A4A54800A0BD99 /* WorkControll.app */ = {isa = PBXFileReference; explicitFileType = wrapper.application; includeInIndex = 0; path = WorkControll.app; sourceTree = BUILT_PRODUCTS_DIR; };
		BF79090521A4A54800A0BD99 /* AppDelegate.swift */ = {isa = PBXFileReference; lastKnownFileType = sourcecode.swift; path = AppDelegate.swift; sourceTree = "<group>"; };
		BF79090721A4A54800A0BD99 /* ViewController.swift */ = {isa = PBXFileReference; lastKnownFileType = sourcecode.swift; path = ViewController.swift; sourceTree = "<group>"; };
		BF79090A21A4A54900A0BD99 /* Base */ = {isa = PBXFileReference; lastKnownFileType = file.storyboard; name = Base; path = Base.lproj/Main.storyboard; sourceTree = "<group>"; };
		BF79090C21A4A54B00A0BD99 /* Assets.xcassets */ = {isa = PBXFileReference; lastKnownFileType = folder.assetcatalog; path = Assets.xcassets; sourceTree = "<group>"; };
		BF79090F21A4A54B00A0BD99 /* Base */ = {isa = PBXFileReference; lastKnownFileType = file.storyboard; name = Base; path = Base.lproj/LaunchScreen.storyboard; sourceTree = "<group>"; };
		BF79091121A4A54B00A0BD99 /* Info.plist */ = {isa = PBXFileReference; lastKnownFileType = text.plist.xml; path = Info.plist; sourceTree = "<group>"; };
		BF79091721A4A5F500A0BD99 /* CircleView.swift */ = {isa = PBXFileReference; lastKnownFileType = sourcecode.swift; path = CircleView.swift; sourceTree = "<group>"; };
/* End PBXFileReference section */

/* Begin PBXFrameworksBuildPhase section */
		26C06E2A21A551EB00393392 /* Frameworks */ = {
			isa = PBXFrameworksBuildPhase;
			buildActionMask = 2147483647;
			files = (
				26C06E3021A551EB00393392 /* NotificationCenter.framework in Frameworks */,
			);
			runOnlyForDeploymentPostprocessing = 0;
		};
		BF7908FF21A4A54800A0BD99 /* Frameworks */ = {
			isa = PBXFrameworksBuildPhase;
			buildActionMask = 2147483647;
			files = (
			);
			runOnlyForDeploymentPostprocessing = 0;
		};
/* End PBXFrameworksBuildPhase section */

/* Begin PBXGroup section */
		26C06E2E21A551EB00393392 /* Frameworks */ = {
			isa = PBXGroup;
			children = (
				26C06E2F21A551EB00393392 /* NotificationCenter.framework */,
			);
			name = Frameworks;
			sourceTree = "<group>";
		};
		26C06E3121A551EB00393392 /* TodaysWork */ = {
			isa = PBXGroup;
			children = (
				26C06E3221A551EB00393392 /* TodayViewController.swift */,
				26C06E3421A551EB00393392 /* MainInterface.storyboard */,
				26C06E3721A551EB00393392 /* Info.plist */,
			);
			path = TodaysWork;
			sourceTree = "<group>";
		};
		BF7908F921A4A54800A0BD99 = {
			isa = PBXGroup;
			children = (
				BF79090421A4A54800A0BD99 /* WorkControll */,
				26C06E3121A551EB00393392 /* TodaysWork */,
				26C06E2E21A551EB00393392 /* Frameworks */,
				BF79090321A4A54800A0BD99 /* Products */,
			);
			sourceTree = "<group>";
		};
		BF79090321A4A54800A0BD99 /* Products */ = {
			isa = PBXGroup;
			children = (
				BF79090221A4A54800A0BD99 /* WorkControll.app */,
				26C06E2D21A551EB00393392 /* TodaysWork.appex */,
			);
			name = Products;
			sourceTree = "<group>";
		};
		BF79090421A4A54800A0BD99 /* WorkControll */ = {
			isa = PBXGroup;
			children = (
				26C06E4721A58BBA00393392 /* TheDate.swift */,
				BF79090521A4A54800A0BD99 /* AppDelegate.swift */,
				BF79090721A4A54800A0BD99 /* ViewController.swift */,
				26C06E4421A563E300393392 /* Request.swift */,
				BF79090921A4A54900A0BD99 /* Main.storyboard */,
				BF79091721A4A5F500A0BD99 /* CircleView.swift */,
				BF79090C21A4A54B00A0BD99 /* Assets.xcassets */,
				BF79090E21A4A54B00A0BD99 /* LaunchScreen.storyboard */,
				BF79091121A4A54B00A0BD99 /* Info.plist */,
			);
			path = WorkControll;
			sourceTree = "<group>";
		};
/* End PBXGroup section */

/* Begin PBXNativeTarget section */
		26C06E2C21A551EB00393392 /* TodaysWork */ = {
			isa = PBXNativeTarget;
			buildConfigurationList = 26C06E3D21A551EB00393392 /* Build configuration list for PBXNativeTarget "TodaysWork" */;
			buildPhases = (
				26C06E2921A551EB00393392 /* Sources */,
				26C06E2A21A551EB00393392 /* Frameworks */,
				26C06E2B21A551EB00393392 /* Resources */,
			);
			buildRules = (
			);
			dependencies = (
			);
			name = TodaysWork;
			productName = TodaysWork;
			productReference = 26C06E2D21A551EB00393392 /* TodaysWork.appex */;
			productType = "com.apple.product-type.app-extension";
		};
		BF79090121A4A54800A0BD99 /* WorkControll */ = {
			isa = PBXNativeTarget;
			buildConfigurationList = BF79091421A4A54B00A0BD99 /* Build configuration list for PBXNativeTarget "WorkControll" */;
			buildPhases = (
				BF7908FE21A4A54800A0BD99 /* Sources */,
				BF7908FF21A4A54800A0BD99 /* Frameworks */,
				BF79090021A4A54800A0BD99 /* Resources */,
				26C06E3E21A551EB00393392 /* Embed App Extensions */,
			);
			buildRules = (
			);
			dependencies = (
				26C06E3921A551EB00393392 /* PBXTargetDependency */,
			);
			name = WorkControll;
			productName = WorkControll;
			productReference = BF79090221A4A54800A0BD99 /* WorkControll.app */;
			productType = "com.apple.product-type.application";
		};
/* End PBXNativeTarget section */

/* Begin PBXProject section */
		BF7908FA21A4A54800A0BD99 /* Project object */ = {
			isa = PBXProject;
			attributes = {
				LastSwiftUpdateCheck = 1010;
				LastUpgradeCheck = 0940;
				ORGANIZATIONNAME = "Андрей Илалов";
				TargetAttributes = {
					26C06E2C21A551EB00393392 = {
						CreatedOnToolsVersion = 10.1;
					};
					BF79090121A4A54800A0BD99 = {
						CreatedOnToolsVersion = 9.4.1;
					};
				};
			};
			buildConfigurationList = BF7908FD21A4A54800A0BD99 /* Build configuration list for PBXProject "WorkControll" */;
			compatibilityVersion = "Xcode 9.3";
			developmentRegion = en;
			hasScannedForEncodings = 0;
			knownRegions = (
				en,
				Base,
			);
			mainGroup = BF7908F921A4A54800A0BD99;
			productRefGroup = BF79090321A4A54800A0BD99 /* Products */;
			projectDirPath = "";
			projectRoot = "";
			targets = (
				BF79090121A4A54800A0BD99 /* WorkControll */,
				26C06E2C21A551EB00393392 /* TodaysWork */,
			);
		};
/* End PBXProject section */

/* Begin PBXResourcesBuildPhase section */
		26C06E2B21A551EB00393392 /* Resources */ = {
			isa = PBXResourcesBuildPhase;
			buildActionMask = 2147483647;
			files = (
				26C06E3621A551EB00393392 /* MainInterface.storyboard in Resources */,
			);
			runOnlyForDeploymentPostprocessing = 0;
		};
		BF79090021A4A54800A0BD99 /* Resources */ = {
			isa = PBXResourcesBuildPhase;
			buildActionMask = 2147483647;
			files = (
				BF79091021A4A54B00A0BD99 /* LaunchScreen.storyboard in Resources */,
				BF79090D21A4A54B00A0BD99 /* Assets.xcassets in Resources */,
				BF79090B21A4A54900A0BD99 /* Main.storyboard in Resources */,
			);
			runOnlyForDeploymentPostprocessing = 0;
		};
/* End PBXResourcesBuildPhase section */

/* Begin PBXSourcesBuildPhase section */
		26C06E2921A551EB00393392 /* Sources */ = {
			isa = PBXSourcesBuildPhase;
			buildActionMask = 2147483647;
			files = (
				26C06E3F21A552D500393392 /* CircleView.swift in Sources */,
				26C06E4621A563E300393392 /* Request.swift in Sources */,
				26C06E3321A551EB00393392 /* TodayViewController.swift in Sources */,
				26C06E4921A58BBA00393392 /* TheDate.swift in Sources */,
			);
			runOnlyForDeploymentPostprocessing = 0;
		};
		BF7908FE21A4A54800A0BD99 /* Sources */ = {
			isa = PBXSourcesBuildPhase;
			buildActionMask = 2147483647;
			files = (
				26C06E4821A58BBA00393392 /* TheDate.swift in Sources */,
				BF79091821A4A5F500A0BD99 /* CircleView.swift in Sources */,
				26C06E4521A563E300393392 /* Request.swift in Sources */,
				BF79090821A4A54800A0BD99 /* ViewController.swift in Sources */,
				BF79090621A4A54800A0BD99 /* AppDelegate.swift in Sources */,
			);
			runOnlyForDeploymentPostprocessing = 0;
		};
/* End PBXSourcesBuildPhase section */

/* Begin PBXTargetDependency section */
		26C06E3921A551EB00393392 /* PBXTargetDependency */ = {
			isa = PBXTargetDependency;
			target = 26C06E2C21A551EB00393392 /* TodaysWork */;
			targetProxy = 26C06E3821A551EB00393392 /* PBXContainerItemProxy */;
		};
/* End PBXTargetDependency section */

/* Begin PBXVariantGroup section */
		26C06E3421A551EB00393392 /* MainInterface.storyboard */ = {
			isa = PBXVariantGroup;
			children = (
				26C06E3521A551EB00393392 /* Base */,
			);
			name = MainInterface.storyboard;
			sourceTree = "<group>";
		};
		BF79090921A4A54900A0BD99 /* Main.storyboard */ = {
			isa = PBXVariantGroup;
			children = (
				BF79090A21A4A54900A0BD99 /* Base */,
			);
			name = Main.storyboard;
			sourceTree = "<group>";
		};
		BF79090E21A4A54B00A0BD99 /* LaunchScreen.storyboard */ = {
			isa = PBXVariantGroup;
			children = (
				BF79090F21A4A54B00A0BD99 /* Base */,
			);
			name = LaunchScreen.storyboard;
			sourceTree = "<group>";
		};
/* End PBXVariantGroup section */

/* Begin XCBuildConfiguration section */
		26C06E3B21A551EB00393392 /* Debug */ = {
			isa = XCBuildConfiguration;
			buildSettings = {
				CODE_SIGN_STYLE = Automatic;
				DEVELOPMENT_TEAM = M5268ZTPTL;
				INFOPLIST_FILE = TodaysWork/Info.plist;
				IPHONEOS_DEPLOYMENT_TARGET = 12.1;
				LD_RUNPATH_SEARCH_PATHS = (
					"$(inherited)",
					"@executable_path/Frameworks",
					"@executable_path/../../Frameworks",
				);
				MTL_ENABLE_DEBUG_INFO = INCLUDE_SOURCE;
				MTL_FAST_MATH = YES;
				PRODUCT_BUNDLE_IDENTIFIER = AI.WorkControll.TodaysWork;
				PRODUCT_NAME = "$(TARGET_NAME)";
				SKIP_INSTALL = YES;
				SWIFT_VERSION = 4.2;
				TARGETED_DEVICE_FAMILY = "1,2";
			};
			name = Debug;
		};
		26C06E3C21A551EB00393392 /* Release */ = {
			isa = XCBuildConfiguration;
			buildSettings = {
				CODE_SIGN_STYLE = Automatic;
				DEVELOPMENT_TEAM = M5268ZTPTL;
				INFOPLIST_FILE = TodaysWork/Info.plist;
				IPHONEOS_DEPLOYMENT_TARGET = 12.1;
				LD_RUNPATH_SEARCH_PATHS = (
					"$(inherited)",
					"@executable_path/Frameworks",
					"@executable_path/../../Frameworks",
				);
				MTL_FAST_MATH = YES;
				PRODUCT_BUNDLE_IDENTIFIER = AI.WorkControll.TodaysWork;
				PRODUCT_NAME = "$(TARGET_NAME)";
				SKIP_INSTALL = YES;
				SWIFT_VERSION = 4.2;
				TARGETED_DEVICE_FAMILY = "1,2";
			};
			name = Release;
		};
		BF79091221A4A54B00A0BD99 /* Debug */ = {
			isa = XCBuildConfiguration;
			buildSettings = {
				ALWAYS_SEARCH_USER_PATHS = NO;
				CLANG_ANALYZER_NONNULL = YES;
				CLANG_ANALYZER_NUMBER_OBJECT_CONVERSION = YES_AGGRESSIVE;
				CLANG_CXX_LANGUAGE_STANDARD = "gnu++14";
				CLANG_CXX_LIBRARY = "libc++";
				CLANG_ENABLE_MODULES = YES;
				CLANG_ENABLE_OBJC_ARC = YES;
				CLANG_ENABLE_OBJC_WEAK = YES;
				CLANG_WARN_BLOCK_CAPTURE_AUTORELEASING = YES;
				CLANG_WARN_BOOL_CONVERSION = YES;
				CLANG_WARN_COMMA = YES;
				CLANG_WARN_CONSTANT_CONVERSION = YES;
				CLANG_WARN_DEPRECATED_OBJC_IMPLEMENTATIONS = YES;
				CLANG_WARN_DIRECT_OBJC_ISA_USAGE = YES_ERROR;
				CLANG_WARN_DOCUMENTATION_COMMENTS = YES;
				CLANG_WARN_EMPTY_BODY = YES;
				CLANG_WARN_ENUM_CONVERSION = YES;
				CLANG_WARN_INFINITE_RECURSION = YES;
				CLANG_WARN_INT_CONVERSION = YES;
				CLANG_WARN_NON_LITERAL_NULL_CONVERSION = YES;
				CLANG_WARN_OBJC_IMPLICIT_RETAIN_SELF = YES;
				CLANG_WARN_OBJC_LITERAL_CONVERSION = YES;
				CLANG_WARN_OBJC_ROOT_CLASS = YES_ERROR;
				CLANG_WARN_RANGE_LOOP_ANALYSIS = YES;
				CLANG_WARN_STRICT_PROTOTYPES = YES;
				CLANG_WARN_SUSPICIOUS_MOVE = YES;
				CLANG_WARN_UNGUARDED_AVAILABILITY = YES_AGGRESSIVE;
				CLANG_WARN_UNREACHABLE_CODE = YES;
				CLANG_WARN__DUPLICATE_METHOD_MATCH = YES;
				CODE_SIGN_IDENTITY = "iPhone Developer";
				COPY_PHASE_STRIP = NO;
				DEBUG_INFORMATION_FORMAT = dwarf;
				ENABLE_STRICT_OBJC_MSGSEND = YES;
				ENABLE_TESTABILITY = YES;
				GCC_C_LANGUAGE_STANDARD = gnu11;
				GCC_DYNAMIC_NO_PIC = NO;
				GCC_NO_COMMON_BLOCKS = YES;
				GCC_OPTIMIZATION_LEVEL = 0;
				GCC_PREPROCESSOR_DEFINITIONS = (
					"DEBUG=1",
					"$(inherited)",
				);
				GCC_WARN_64_TO_32_BIT_CONVERSION = YES;
				GCC_WARN_ABOUT_RETURN_TYPE = YES_ERROR;
				GCC_WARN_UNDECLARED_SELECTOR = YES;
				GCC_WARN_UNINITIALIZED_AUTOS = YES_AGGRESSIVE;
				GCC_WARN_UNUSED_FUNCTION = YES;
				GCC_WARN_UNUSED_VARIABLE = YES;
				IPHONEOS_DEPLOYMENT_TARGET = 11.4;
				MTL_ENABLE_DEBUG_INFO = YES;
				ONLY_ACTIVE_ARCH = YES;
				SDKROOT = iphoneos;
				SWIFT_ACTIVE_COMPILATION_CONDITIONS = DEBUG;
				SWIFT_OPTIMIZATION_LEVEL = "-Onone";
			};
			name = Debug;
		};
		BF79091321A4A54B00A0BD99 /* Release */ = {
			isa = XCBuildConfiguration;
			buildSettings = {
				ALWAYS_SEARCH_USER_PATHS = NO;
				CLANG_ANALYZER_NONNULL = YES;
				CLANG_ANALYZER_NUMBER_OBJECT_CONVERSION = YES_AGGRESSIVE;
				CLANG_CXX_LANGUAGE_STANDARD = "gnu++14";
				CLANG_CXX_LIBRARY = "libc++";
				CLANG_ENABLE_MODULES = YES;
				CLANG_ENABLE_OBJC_ARC = YES;
				CLANG_ENABLE_OBJC_WEAK = YES;
				CLANG_WARN_BLOCK_CAPTURE_AUTORELEASING = YES;
				CLANG_WARN_BOOL_CONVERSION = YES;
				CLANG_WARN_COMMA = YES;
				CLANG_WARN_CONSTANT_CONVERSION = YES;
				CLANG_WARN_DEPRECATED_OBJC_IMPLEMENTATIONS = YES;
				CLANG_WARN_DIRECT_OBJC_ISA_USAGE = YES_ERROR;
				CLANG_WARN_DOCUMENTATION_COMMENTS = YES;
				CLANG_WARN_EMPTY_BODY = YES;
				CLANG_WARN_ENUM_CONVERSION = YES;
				CLANG_WARN_INFINITE_RECURSION = YES;
				CLANG_WARN_INT_CONVERSION = YES;
				CLANG_WARN_NON_LITERAL_NULL_CONVERSION = YES;
				CLANG_WARN_OBJC_IMPLICIT_RETAIN_SELF = YES;
				CLANG_WARN_OBJC_LITERAL_CONVERSION = YES;
				CLANG_WARN_OBJC_ROOT_CLASS = YES_ERROR;
				CLANG_WARN_RANGE_LOOP_ANALYSIS = YES;
				CLANG_WARN_STRICT_PROTOTYPES = YES;
				CLANG_WARN_SUSPICIOUS_MOVE = YES;
				CLANG_WARN_UNGUARDED_AVAILABILITY = YES_AGGRESSIVE;
				CLANG_WARN_UNREACHABLE_CODE = YES;
				CLANG_WARN__DUPLICATE_METHOD_MATCH = YES;
				CODE_SIGN_IDENTITY = "iPhone Developer";
				COPY_PHASE_STRIP = NO;
				DEBUG_INFORMATION_FORMAT = "dwarf-with-dsym";
				ENABLE_NS_ASSERTIONS = NO;
				ENABLE_STRICT_OBJC_MSGSEND = YES;
				GCC_C_LANGUAGE_STANDARD = gnu11;
				GCC_NO_COMMON_BLOCKS = YES;
				GCC_WARN_64_TO_32_BIT_CONVERSION = YES;
				GCC_WARN_ABOUT_RETURN_TYPE = YES_ERROR;
				GCC_WARN_UNDECLARED_SELECTOR = YES;
				GCC_WARN_UNINITIALIZED_AUTOS = YES_AGGRESSIVE;
				GCC_WARN_UNUSED_FUNCTION = YES;
				GCC_WARN_UNUSED_VARIABLE = YES;
				IPHONEOS_DEPLOYMENT_TARGET = 11.4;
				MTL_ENABLE_DEBUG_INFO = NO;
				SDKROOT = iphoneos;
				SWIFT_COMPILATION_MODE = wholemodule;
				SWIFT_OPTIMIZATION_LEVEL = "-O";
				VALIDATE_PRODUCT = YES;
			};
			name = Release;
		};
		BF79091521A4A54B00A0BD99 /* Debug */ = {
			isa = XCBuildConfiguration;
			buildSettings = {
				ALWAYS_EMBED_SWIFT_STANDARD_LIBRARIES = YES;
				ASSETCATALOG_COMPILER_APPICON_NAME = AppIcon;
				CODE_SIGN_STYLE = Automatic;
				DEVELOPMENT_TEAM = M5268ZTPTL;
				INFOPLIST_FILE = WorkControll/Info.plist;
				LD_RUNPATH_SEARCH_PATHS = (
					"$(inherited)",
					"@executable_path/Frameworks",
				);
				PRODUCT_BUNDLE_IDENTIFIER = AI.WorkControll;
				PRODUCT_NAME = "$(TARGET_NAME)";
				SWIFT_VERSION = 4.0;
				TARGETED_DEVICE_FAMILY = "1,2";
			};
			name = Debug;
		};
		BF79091621A4A54B00A0BD99 /* Release */ = {
			isa = XCBuildConfiguration;
			buildSettings = {
				ALWAYS_EMBED_SWIFT_STANDARD_LIBRARIES = YES;
				ASSETCATALOG_COMPILER_APPICON_NAME = AppIcon;
				CODE_SIGN_STYLE = Automatic;
				DEVELOPMENT_TEAM = M5268ZTPTL;
				INFOPLIST_FILE = WorkControll/Info.plist;
				LD_RUNPATH_SEARCH_PATHS = (
					"$(inherited)",
					"@executable_path/Frameworks",
				);
				PRODUCT_BUNDLE_IDENTIFIER = AI.WorkControll;
				PRODUCT_NAME = "$(TARGET_NAME)";
				SWIFT_VERSION = 4.0;
				TARGETED_DEVICE_FAMILY = "1,2";
			};
			name = Release;
		};
/* End XCBuildConfiguration section */

/* Begin XCConfigurationList section */
		26C06E3D21A551EB00393392 /* Build configuration list for PBXNativeTarget "TodaysWork" */ = {
			isa = XCConfigurationList;
			buildConfigurations = (
				26C06E3B21A551EB00393392 /* Debug */,
				26C06E3C21A551EB00393392 /* Release */,
			);
			defaultConfigurationIsVisible = 0;
			defaultConfigurationName = Release;
		};
		BF7908FD21A4A54800A0BD99 /* Build configuration list for PBXProject "WorkControll" */ = {
			isa = XCConfigurationList;
			buildConfigurations = (
				BF79091221A4A54B00A0BD99 /* Debug */,
				BF79091321A4A54B00A0BD99 /* Release */,
			);
			defaultConfigurationIsVisible = 0;
			defaultConfigurationName = Release;
		};
		BF79091421A4A54B00A0BD99 /* Build configuration list for PBXNativeTarget "WorkControll" */ = {
			isa = XCConfigurationList;
			buildConfigurations = (
				BF79091521A4A54B00A0BD99 /* Debug */,
				BF79091621A4A54B00A0BD99 /* Release */,
			);
			defaultConfigurationIsVisible = 0;
			defaultConfigurationName = Release;
		};
/* End XCConfigurationList section */
	};
	rootObject = BF7908FA21A4A54800A0BD99 /* Project object */;
}
